
Microsoft Visual Studio Solution File, Format Version 12.00
# Visual Studio Version 17
VisualStudioVersion = 17.1.32210.238
MinimumVisualStudioVersion = 10.0.40219.1
Project("{9A19103F-16F7-4668-BE54-9A1E7A4F7556}") = "ExoAPI", "ExoAPI\ExoAPI.csproj", "{C38203FE-D3C8-493A-BCAB-5878F4EA0155}"
EndProject
Project("{FAE04EC0-301F-11D3-BF4B-00C04F79EFBC}") = "TestXUnit", "TestXUnit\TestXUnit.csproj", "{7DED7DA4-69C3-4286-9E8A-C353A26F05F1}"
EndProject
Global
	GlobalSection(SolutionConfigurationPlatforms) = preSolution
		Debug|Any CPU = Debug|Any CPU
		Release|Any CPU = Release|Any CPU
	EndGlobalSection
	GlobalSection(ProjectConfigurationPlatforms) = postSolution
		{C38203FE-D3C8-493A-BCAB-5878F4EA0155}.Debug|Any CPU.ActiveCfg = Debug|Any CPU
		{C38203FE-D3C8-493A-BCAB-5878F4EA0155}.Debug|Any CPU.Build.0 = Debug|Any CPU
		{C38203FE-D3C8-493A-BCAB-5878F4EA0155}.Release|Any CPU.ActiveCfg = Release|Any CPU
		{C38203FE-D3C8-493A-BCAB-5878F4EA0155}.Release|Any CPU.Build.0 = Release|Any CPU
		{7DED7DA4-69C3-4286-9E8A-C353A26F05F1}.Debug|Any CPU.ActiveCfg = Debug|Any CPU
		{7DED7DA4-69C3-4286-9E8A-C353A26F05F1}.Debug|Any CPU.Build.0 = Debug|Any CPU
		{7DED7DA4-69C3-4286-9E8A-C353A26F05F1}.Release|Any CPU.ActiveCfg = Release|Any CPU
		{7DED7DA4-69C3-4286-9E8A-C353A26F05F1}.Release|Any CPU.Build.0 = Release|Any CPU
	EndGlobalSection
	GlobalSection(SolutionProperties) = preSolution
		HideSolutionNode = FALSE
	EndGlobalSection
	GlobalSection(ExtensibilityGlobals) = postSolution
		SolutionGuid = {F6CC9F6F-3E16-4E29-94BD-01E1DA42C4A3}
	EndGlobalSection
EndGlobal
