
Microsoft Visual Studio Solution File, Format Version 12.00
# Visual Studio Version 17
VisualStudioVersion = 17.1.32210.238
MinimumVisualStudioVersion = 10.0.40219.1
Project("{9A19103F-16F7-4668-BE54-9A1E7A4F7556}") = "ExoApiReal", "ExoApiReal\ExoApiReal.csproj", "{F90018D3-AEED-4045-AE98-D6CCCA63E0EE}"
EndProject
Global
	GlobalSection(SolutionConfigurationPlatforms) = preSolution
		Debug|Any CPU = Debug|Any CPU
		Release|Any CPU = Release|Any CPU
	EndGlobalSection
	GlobalSection(ProjectConfigurationPlatforms) = postSolution
		{F90018D3-AEED-4045-AE98-D6CCCA63E0EE}.Debug|Any CPU.ActiveCfg = Debug|Any CPU
		{F90018D3-AEED-4045-AE98-D6CCCA63E0EE}.Debug|Any CPU.Build.0 = Debug|Any CPU
		{F90018D3-AEED-4045-AE98-D6CCCA63E0EE}.Release|Any CPU.ActiveCfg = Release|Any CPU
		{F90018D3-AEED-4045-AE98-D6CCCA63E0EE}.Release|Any CPU.Build.0 = Release|Any CPU
	EndGlobalSection
	GlobalSection(SolutionProperties) = preSolution
		HideSolutionNode = FALSE
	EndGlobalSection
	GlobalSection(ExtensibilityGlobals) = postSolution
		SolutionGuid = {E0F971B3-2ECE-4AF5-8A11-EBC2E7C9D26E}
	EndGlobalSection
EndGlobal
